
Microsoft Visual Studio Solution File, Format Version 12.00
# Visual Studio Version 17
VisualStudioVersion = 17.1.32228.430
MinimumVisualStudioVersion = 10.0.40219.1
Project("{9A19103F-16F7-4668-BE54-9A1E7A4F7556}") = "Weather.Api", "Weather.Api\Weather.Api.csproj", "{0D3D9AB2-09C2-40A0-9D48-DEE8268BDCC9}"
EndProject
Project("{9A19103F-16F7-4668-BE54-9A1E7A4F7556}") = "Weather.Api.Tests", "Weather.Api.Tests\Weather.Api.Tests.csproj", "{E99C9E18-6FA6-4037-9ED6-4168D676467A}"
EndProject
Project("{9A19103F-16F7-4668-BE54-9A1E7A4F7556}") = "Weather.Contracts", "Weather.Contracts\Weather.Contracts.csproj", "{4909044B-C233-4651-A0E8-1E751EF24548}"
EndProject
Project("{9A19103F-16F7-4668-BE54-9A1E7A4F7556}") = "Weather.Data", "Weather.Data\Weather.Data.csproj", "{A768AF8C-AEAA-4310-A0D0-FB250BF19507}"
EndProject
Project("{FAE04EC0-301F-11D3-BF4B-00C04F79EFBC}") = "Weather.RequestRecordData", "Weather.RequestRecordData\Weather.RequestRecordData.csproj", "{A5D5CADC-21DC-4A96-BE93-978F1DAE4F93}"
EndProject
Global
	GlobalSection(SolutionConfigurationPlatforms) = preSolution
		Debug|Any CPU = Debug|Any CPU
		Release|Any CPU = Release|Any CPU
	EndGlobalSection
	GlobalSection(ProjectConfigurationPlatforms) = postSolution
		{0D3D9AB2-09C2-40A0-9D48-DEE8268BDCC9}.Debug|Any CPU.ActiveCfg = Debug|Any CPU
		{0D3D9AB2-09C2-40A0-9D48-DEE8268BDCC9}.Debug|Any CPU.Build.0 = Debug|Any CPU
		{0D3D9AB2-09C2-40A0-9D48-DEE8268BDCC9}.Release|Any CPU.ActiveCfg = Release|Any CPU
		{0D3D9AB2-09C2-40A0-9D48-DEE8268BDCC9}.Release|Any CPU.Build.0 = Release|Any CPU
		{E99C9E18-6FA6-4037-9ED6-4168D676467A}.Debug|Any CPU.ActiveCfg = Debug|Any CPU
		{E99C9E18-6FA6-4037-9ED6-4168D676467A}.Debug|Any CPU.Build.0 = Debug|Any CPU
		{E99C9E18-6FA6-4037-9ED6-4168D676467A}.Release|Any CPU.ActiveCfg = Release|Any CPU
		{E99C9E18-6FA6-4037-9ED6-4168D676467A}.Release|Any CPU.Build.0 = Release|Any CPU
		{4909044B-C233-4651-A0E8-1E751EF24548}.Debug|Any CPU.ActiveCfg = Debug|Any CPU
		{4909044B-C233-4651-A0E8-1E751EF24548}.Debug|Any CPU.Build.0 = Debug|Any CPU
		{4909044B-C233-4651-A0E8-1E751EF24548}.Release|Any CPU.ActiveCfg = Release|Any CPU
		{4909044B-C233-4651-A0E8-1E751EF24548}.Release|Any CPU.Build.0 = Release|Any CPU
		{A768AF8C-AEAA-4310-A0D0-FB250BF19507}.Debug|Any CPU.ActiveCfg = Debug|Any CPU
		{A768AF8C-AEAA-4310-A0D0-FB250BF19507}.Debug|Any CPU.Build.0 = Debug|Any CPU
		{A768AF8C-AEAA-4310-A0D0-FB250BF19507}.Release|Any CPU.ActiveCfg = Release|Any CPU
		{A768AF8C-AEAA-4310-A0D0-FB250BF19507}.Release|Any CPU.Build.0 = Release|Any CPU
		{A5D5CADC-21DC-4A96-BE93-978F1DAE4F93}.Debug|Any CPU.ActiveCfg = Debug|Any CPU
		{A5D5CADC-21DC-4A96-BE93-978F1DAE4F93}.Debug|Any CPU.Build.0 = Debug|Any CPU
		{A5D5CADC-21DC-4A96-BE93-978F1DAE4F93}.Release|Any CPU.ActiveCfg = Release|Any CPU
		{A5D5CADC-21DC-4A96-BE93-978F1DAE4F93}.Release|Any CPU.Build.0 = Release|Any CPU
	EndGlobalSection
	GlobalSection(SolutionProperties) = preSolution
		HideSolutionNode = FALSE
	EndGlobalSection
	GlobalSection(ExtensibilityGlobals) = postSolution
		SolutionGuid = {3AAE5B1B-3993-4845-913F-C6B812A3C15B}
	EndGlobalSection
EndGlobal
